
Microsoft Visual Studio Solution File, Format Version 12.00
# Visual Studio Version 16
VisualStudioVersion = 16.0.32002.261
MinimumVisualStudioVersion = 10.0.40219.1
Project("{F184B08F-C81C-45F6-A57F-5ABD9991F28F}") = "Hello User", "Hello User\Hello User.vbproj", "{804398D2-82D1-4EE4-9090-B89C44B1C07D}"
EndProject
Global
	GlobalSection(SolutionConfigurationPlatforms) = preSolution
		Debug|Any CPU = Debug|Any CPU
		Release|Any CPU = Release|Any CPU
	EndGlobalSection
	GlobalSection(ProjectConfigurationPlatforms) = postSolution
		{804398D2-82D1-4EE4-9090-B89C44B1C07D}.Debug|Any CPU.ActiveCfg = Debug|Any CPU
		{804398D2-82D1-4EE4-9090-B89C44B1C07D}.Debug|Any CPU.Build.0 = Debug|Any CPU
		{804398D2-82D1-4EE4-9090-B89C44B1C07D}.Release|Any CPU.ActiveCfg = Release|Any CPU
		{804398D2-82D1-4EE4-9090-B89C44B1C07D}.Release|Any CPU.Build.0 = Release|Any CPU
	EndGlobalSection
	GlobalSection(SolutionProperties) = preSolution
		HideSolutionNode = FALSE
	EndGlobalSection
	GlobalSection(ExtensibilityGlobals) = postSolution
		SolutionGuid = {5C6EF912-FC97-4579-BC87-D715E9409520}
	EndGlobalSection
EndGlobal
